// !$*UTF8*$!
{
	archiveVersion = 1;
	classes = {
	};
	objectVersion = 55;
	objects = {

/* Begin PBXBuildFile section */
		D23DA6532852D1490061CAE0 /* Utility.swift in Sources */ = {isa = PBXBuildFile; fileRef = D23DA6522852D1490061CAE0 /* Utility.swift */; };
		D23DA6542852D1490061CAE0 /* Utility.swift in Sources */ = {isa = PBXBuildFile; fileRef = D23DA6522852D1490061CAE0 /* Utility.swift */; };
		D23DA68C2854559D0061CAE0 /* Call.swift in Sources */ = {isa = PBXBuildFile; fileRef = D23DA68B2854559D0061CAE0 /* Call.swift */; };
		D23DA68D2854559D0061CAE0 /* Call.swift in Sources */ = {isa = PBXBuildFile; fileRef = D23DA68B2854559D0061CAE0 /* Call.swift */; };
		D23DA68F2855582D0061CAE0 /* Assets.xcassets in Resources */ = {isa = PBXBuildFile; fileRef = D23DA68E2855582D0061CAE0 /* Assets.xcassets */; };
		D23DA6902855582D0061CAE0 /* Assets.xcassets in Resources */ = {isa = PBXBuildFile; fileRef = D23DA68E2855582D0061CAE0 /* Assets.xcassets */; };
		D2B8DD6D283F5054000391FB /* RemotionSwiftUIApp.swift in Sources */ = {isa = PBXBuildFile; fileRef = D2B8DD5D283F5053000391FB /* RemotionSwiftUIApp.swift */; };
		D2B8DD6E283F5054000391FB /* RemotionSwiftUIApp.swift in Sources */ = {isa = PBXBuildFile; fileRef = D2B8DD5D283F5053000391FB /* RemotionSwiftUIApp.swift */; };
		D2B8DD6F283F5054000391FB /* ContentView.swift in Sources */ = {isa = PBXBuildFile; fileRef = D2B8DD5E283F5053000391FB /* ContentView.swift */; };
		D2B8DD70283F5054000391FB /* ContentView.swift in Sources */ = {isa = PBXBuildFile; fileRef = D2B8DD5E283F5053000391FB /* ContentView.swift */; };
		D2B8DD7D283F5074000391FB /* User.swift in Sources */ = {isa = PBXBuildFile; fileRef = D2B8DD7C283F5074000391FB /* User.swift */; };
		D2B8DD7E283F5074000391FB /* User.swift in Sources */ = {isa = PBXBuildFile; fileRef = D2B8DD7C283F5074000391FB /* User.swift */; };
		D2B8DD80283F507B000391FB /* Team.swift in Sources */ = {isa = PBXBuildFile; fileRef = D2B8DD7F283F507B000391FB /* Team.swift */; };
		D2B8DD81283F507B000391FB /* Team.swift in Sources */ = {isa = PBXBuildFile; fileRef = D2B8DD7F283F507B000391FB /* Team.swift */; };
		D2B8DD83283F5088000391FB /* Room.swift in Sources */ = {isa = PBXBuildFile; fileRef = D2B8DD82283F5088000391FB /* Room.swift */; };
		D2B8DD84283F5088000391FB /* Room.swift in Sources */ = {isa = PBXBuildFile; fileRef = D2B8DD82283F5088000391FB /* Room.swift */; };
		D2B8DD89283F523F000391FB /* AppState.swift in Sources */ = {isa = PBXBuildFile; fileRef = D2B8DD88283F523E000391FB /* AppState.swift */; };
		D2B8DD8A283F523F000391FB /* AppState.swift in Sources */ = {isa = PBXBuildFile; fileRef = D2B8DD88283F523E000391FB /* AppState.swift */; };
		D2B8DD8D283F5308000391FB /* DockView.swift in Sources */ = {isa = PBXBuildFile; fileRef = D2B8DD8C283F5308000391FB /* DockView.swift */; };
		D2B8DD8E283F5308000391FB /* DockView.swift in Sources */ = {isa = PBXBuildFile; fileRef = D2B8DD8C283F5308000391FB /* DockView.swift */; };
		D2B8DD90283F54B1000391FB /* RoomView.swift in Sources */ = {isa = PBXBuildFile; fileRef = D2B8DD8F283F54B1000391FB /* RoomView.swift */; };
		D2B8DD91283F54B1000391FB /* RoomView.swift in Sources */ = {isa = PBXBuildFile; fileRef = D2B8DD8F283F54B1000391FB /* RoomView.swift */; };
		D2B8DD93283F54F5000391FB /* UserAvatarView.swift in Sources */ = {isa = PBXBuildFile; fileRef = D2B8DD92283F54F5000391FB /* UserAvatarView.swift */; };
		D2B8DD94283F54F5000391FB /* UserAvatarView.swift in Sources */ = {isa = PBXBuildFile; fileRef = D2B8DD92283F54F5000391FB /* UserAvatarView.swift */; };
/* End PBXBuildFile section */

/* Begin PBXFileReference section */
		D23DA6522852D1490061CAE0 /* Utility.swift */ = {isa = PBXFileReference; lastKnownFileType = sourcecode.swift; path = Utility.swift; sourceTree = "<group>"; };
		D23DA68B2854559D0061CAE0 /* Call.swift */ = {isa = PBXFileReference; lastKnownFileType = sourcecode.swift; path = Call.swift; sourceTree = "<group>"; };
		D23DA68E2855582D0061CAE0 /* Assets.xcassets */ = {isa = PBXFileReference; lastKnownFileType = folder.assetcatalog; path = Assets.xcassets; sourceTree = "<group>"; };
		D2B8DD5D283F5053000391FB /* RemotionSwiftUIApp.swift */ = {isa = PBXFileReference; lastKnownFileType = sourcecode.swift; path = RemotionSwiftUIApp.swift; sourceTree = "<group>"; };
		D2B8DD5E283F5053000391FB /* ContentView.swift */ = {isa = PBXFileReference; lastKnownFileType = sourcecode.swift; path = ContentView.swift; sourceTree = "<group>"; };
		D2B8DD64283F5054000391FB /* RemotionSwiftUI.app */ = {isa = PBXFileReference; explicitFileType = wrapper.application; includeInIndex = 0; path = RemotionSwiftUI.app; sourceTree = BUILT_PRODUCTS_DIR; };
		D2B8DD6A283F5054000391FB /* RemotionSwiftUI.app */ = {isa = PBXFileReference; explicitFileType = wrapper.application; includeInIndex = 0; path = RemotionSwiftUI.app; sourceTree = BUILT_PRODUCTS_DIR; };
		D2B8DD6C283F5054000391FB /* macOS.entitlements */ = {isa = PBXFileReference; lastKnownFileType = text.plist.entitlements; path = macOS.entitlements; sourceTree = "<group>"; };
		D2B8DD7C283F5074000391FB /* User.swift */ = {isa = PBXFileReference; lastKnownFileType = sourcecode.swift; path = User.swift; sourceTree = "<group>"; };
		D2B8DD7F283F507B000391FB /* Team.swift */ = {isa = PBXFileReference; lastKnownFileType = sourcecode.swift; path = Team.swift; sourceTree = "<group>"; };
		D2B8DD82283F5088000391FB /* Room.swift */ = {isa = PBXFileReference; lastKnownFileType = sourcecode.swift; path = Room.swift; sourceTree = "<group>"; };
		D2B8DD88283F523E000391FB /* AppState.swift */ = {isa = PBXFileReference; lastKnownFileType = sourcecode.swift; path = AppState.swift; sourceTree = "<group>"; };
		D2B8DD8C283F5308000391FB /* DockView.swift */ = {isa = PBXFileReference; lastKnownFileType = sourcecode.swift; path = DockView.swift; sourceTree = "<group>"; };
		D2B8DD8F283F54B1000391FB /* RoomView.swift */ = {isa = PBXFileReference; lastKnownFileType = sourcecode.swift; path = RoomView.swift; sourceTree = "<group>"; };
		D2B8DD92283F54F5000391FB /* UserAvatarView.swift */ = {isa = PBXFileReference; lastKnownFileType = sourcecode.swift; path = UserAvatarView.swift; sourceTree = "<group>"; };
/* End PBXFileReference section */

/* Begin PBXFrameworksBuildPhase section */
		D2B8DD61283F5054000391FB /* Frameworks */ = {
			isa = PBXFrameworksBuildPhase;
			buildActionMask = 2147483647;
			files = (
			);
			runOnlyForDeploymentPostprocessing = 0;
		};
		D2B8DD67283F5054000391FB /* Frameworks */ = {
			isa = PBXFrameworksBuildPhase;
			buildActionMask = 2147483647;
			files = (
			);
			runOnlyForDeploymentPostprocessing = 0;
		};
/* End PBXFrameworksBuildPhase section */

/* Begin PBXGroup section */
		D2B8DD57283F5052000391FB = {
			isa = PBXGroup;
			children = (
				D23DA68E2855582D0061CAE0 /* Assets.xcassets */,
				D2B8DD5C283F5053000391FB /* Shared */,
				D2B8DD6B283F5054000391FB /* macOS */,
				D2B8DD65283F5054000391FB /* Products */,
			);
			sourceTree = "<group>";
		};
		D2B8DD5C283F5053000391FB /* Shared */ = {
			isa = PBXGroup;
			children = (
				D2B8DD5D283F5053000391FB /* RemotionSwiftUIApp.swift */,
				D2B8DD5E283F5053000391FB /* ContentView.swift */,
				D2B8DD88283F523E000391FB /* AppState.swift */,
				D23DA6522852D1490061CAE0 /* Utility.swift */,
				D2B8DD8B283F52FD000391FB /* Views */,
				D2B8DD7B283F5064000391FB /* Models */,
			);
			path = Shared;
			sourceTree = "<group>";
		};
		D2B8DD65283F5054000391FB /* Products */ = {
			isa = PBXGroup;
			children = (
				D2B8DD64283F5054000391FB /* RemotionSwiftUI.app */,
				D2B8DD6A283F5054000391FB /* RemotionSwiftUI.app */,
			);
			name = Products;
			sourceTree = "<group>";
		};
		D2B8DD6B283F5054000391FB /* macOS */ = {
			isa = PBXGroup;
			children = (
				D2B8DD6C283F5054000391FB /* macOS.entitlements */,
			);
			path = macOS;
			sourceTree = "<group>";
		};
		D2B8DD7B283F5064000391FB /* Models */ = {
			isa = PBXGroup;
			children = (
				D2B8DD7C283F5074000391FB /* User.swift */,
				D2B8DD7F283F507B000391FB /* Team.swift */,
				D2B8DD82283F5088000391FB /* Room.swift */,
				D23DA68B2854559D0061CAE0 /* Call.swift */,
			);
			path = Models;
			sourceTree = "<group>";
		};
		D2B8DD8B283F52FD000391FB /* Views */ = {
			isa = PBXGroup;
			children = (
				D2B8DD8C283F5308000391FB /* DockView.swift */,
				D2B8DD8F283F54B1000391FB /* RoomView.swift */,
				D2B8DD92283F54F5000391FB /* UserAvatarView.swift */,
			);
			path = Views;
			sourceTree = "<group>";
		};
/* End PBXGroup section */

/* Begin PBXNativeTarget section */
		D2B8DD63283F5054000391FB /* RemotionSwiftUI (iOS) */ = {
			isa = PBXNativeTarget;
			buildConfigurationList = D2B8DD75283F5054000391FB /* Build configuration list for PBXNativeTarget "RemotionSwiftUI (iOS)" */;
			buildPhases = (
				D2B8DD60283F5054000391FB /* Sources */,
				D2B8DD61283F5054000391FB /* Frameworks */,
				D2B8DD62283F5054000391FB /* Resources */,
			);
			buildRules = (
			);
			dependencies = (
			);
			name = "RemotionSwiftUI (iOS)";
			productName = "RemotionSwiftUI (iOS)";
			productReference = D2B8DD64283F5054000391FB /* RemotionSwiftUI.app */;
			productType = "com.apple.product-type.application";
		};
		D2B8DD69283F5054000391FB /* RemotionSwiftUI (macOS) */ = {
			isa = PBXNativeTarget;
			buildConfigurationList = D2B8DD78283F5054000391FB /* Build configuration list for PBXNativeTarget "RemotionSwiftUI (macOS)" */;
			buildPhases = (
				D2B8DD66283F5054000391FB /* Sources */,
				D2B8DD67283F5054000391FB /* Frameworks */,
				D2B8DD68283F5054000391FB /* Resources */,
			);
			buildRules = (
			);
			dependencies = (
			);
			name = "RemotionSwiftUI (macOS)";
			productName = "RemotionSwiftUI (macOS)";
			productReference = D2B8DD6A283F5054000391FB /* RemotionSwiftUI.app */;
			productType = "com.apple.product-type.application";
		};
/* End PBXNativeTarget section */

/* Begin PBXProject section */
		D2B8DD58283F5052000391FB /* Project object */ = {
			isa = PBXProject;
			attributes = {
				BuildIndependentTargetsInParallel = 1;
				LastSwiftUpdateCheck = 1320;
				LastUpgradeCheck = 1320;
				TargetAttributes = {
					D2B8DD63283F5054000391FB = {
						CreatedOnToolsVersion = 13.2.1;
					};
					D2B8DD69283F5054000391FB = {
						CreatedOnToolsVersion = 13.2.1;
					};
				};
			};
			buildConfigurationList = D2B8DD5B283F5052000391FB /* Build configuration list for PBXProject "RemotionSwiftUI" */;
			compatibilityVersion = "Xcode 13.0";
			developmentRegion = en;
			hasScannedForEncodings = 0;
			knownRegions = (
				en,
				Base,
			);
			mainGroup = D2B8DD57283F5052000391FB;
			productRefGroup = D2B8DD65283F5054000391FB /* Products */;
			projectDirPath = "";
			projectRoot = "";
			targets = (
				D2B8DD63283F5054000391FB /* RemotionSwiftUI (iOS) */,
				D2B8DD69283F5054000391FB /* RemotionSwiftUI (macOS) */,
			);
		};
/* End PBXProject section */

/* Begin PBXResourcesBuildPhase section */
		D2B8DD62283F5054000391FB /* Resources */ = {
			isa = PBXResourcesBuildPhase;
			buildActionMask = 2147483647;
			files = (
				D23DA68F2855582D0061CAE0 /* Assets.xcassets in Resources */,
			);
			runOnlyForDeploymentPostprocessing = 0;
		};
		D2B8DD68283F5054000391FB /* Resources */ = {
			isa = PBXResourcesBuildPhase;
			buildActionMask = 2147483647;
			files = (
				D23DA6902855582D0061CAE0 /* Assets.xcassets in Resources */,
			);
			runOnlyForDeploymentPostprocessing = 0;
		};
/* End PBXResourcesBuildPhase section */

/* Begin PBXSourcesBuildPhase section */
		D2B8DD60283F5054000391FB /* Sources */ = {
			isa = PBXSourcesBuildPhase;
			buildActionMask = 2147483647;
			files = (
				D23DA6532852D1490061CAE0 /* Utility.swift in Sources */,
				D2B8DD80283F507B000391FB /* Team.swift in Sources */,
				D2B8DD90283F54B1000391FB /* RoomView.swift in Sources */,
				D2B8DD6F283F5054000391FB /* ContentView.swift in Sources */,
				D2B8DD6D283F5054000391FB /* RemotionSwiftUIApp.swift in Sources */,
				D23DA68C2854559D0061CAE0 /* Call.swift in Sources */,
				D2B8DD7D283F5074000391FB /* User.swift in Sources */,
				D2B8DD83283F5088000391FB /* Room.swift in Sources */,
				D2B8DD89283F523F000391FB /* AppState.swift in Sources */,
				D2B8DD93283F54F5000391FB /* UserAvatarView.swift in Sources */,
				D2B8DD8D283F5308000391FB /* DockView.swift in Sources */,
			);
			runOnlyForDeploymentPostprocessing = 0;
		};
		D2B8DD66283F5054000391FB /* Sources */ = {
			isa = PBXSourcesBuildPhase;
			buildActionMask = 2147483647;
			files = (
				D23DA6542852D1490061CAE0 /* Utility.swift in Sources */,
				D2B8DD81283F507B000391FB /* Team.swift in Sources */,
				D2B8DD91283F54B1000391FB /* RoomView.swift in Sources */,
				D2B8DD70283F5054000391FB /* ContentView.swift in Sources */,
				D2B8DD6E283F5054000391FB /* RemotionSwiftUIApp.swift in Sources */,
				D23DA68D2854559D0061CAE0 /* Call.swift in Sources */,
				D2B8DD7E283F5074000391FB /* User.swift in Sources */,
				D2B8DD84283F5088000391FB /* Room.swift in Sources */,
				D2B8DD8A283F523F000391FB /* AppState.swift in Sources */,
				D2B8DD94283F54F5000391FB /* UserAvatarView.swift in Sources */,
				D2B8DD8E283F5308000391FB /* DockView.swift in Sources */,
			);
			runOnlyForDeploymentPostprocessing = 0;
		};
/* End PBXSourcesBuildPhase section */

/* Begin XCBuildConfiguration section */
		D2B8DD73283F5054000391FB /* Debug */ = {
			isa = XCBuildConfiguration;
			buildSettings = {
				ALWAYS_SEARCH_USER_PATHS = NO;
				CLANG_ANALYZER_NONNULL = YES;
				CLANG_ANALYZER_NUMBER_OBJECT_CONVERSION = YES_AGGRESSIVE;
				CLANG_CXX_LANGUAGE_STANDARD = "gnu++17";
				CLANG_CXX_LIBRARY = "libc++";
				CLANG_ENABLE_MODULES = YES;
				CLANG_ENABLE_OBJC_ARC = YES;
				CLANG_ENABLE_OBJC_WEAK = YES;
				CLANG_WARN_BLOCK_CAPTURE_AUTORELEASING = YES;
				CLANG_WARN_BOOL_CONVERSION = YES;
				CLANG_WARN_COMMA = YES;
				CLANG_WARN_CONSTANT_CONVERSION = YES;
				CLANG_WARN_DEPRECATED_OBJC_IMPLEMENTATIONS = YES;
				CLANG_WARN_DIRECT_OBJC_ISA_USAGE = YES_ERROR;
				CLANG_WARN_DOCUMENTATION_COMMENTS = YES;
				CLANG_WARN_EMPTY_BODY = YES;
				CLANG_WARN_ENUM_CONVERSION = YES;
				CLANG_WARN_INFINITE_RECURSION = YES;
				CLANG_WARN_INT_CONVERSION = YES;
				CLANG_WARN_NON_LITERAL_NULL_CONVERSION = YES;
				CLANG_WARN_OBJC_IMPLICIT_RETAIN_SELF = YES;
				CLANG_WARN_OBJC_LITERAL_CONVERSION = YES;
				CLANG_WARN_OBJC_ROOT_CLASS = YES_ERROR;
				CLANG_WARN_QUOTED_INCLUDE_IN_FRAMEWORK_HEADER = YES;
				CLANG_WARN_RANGE_LOOP_ANALYSIS = YES;
				CLANG_WARN_STRICT_PROTOTYPES = YES;
				CLANG_WARN_SUSPICIOUS_MOVE = YES;
				CLANG_WARN_UNGUARDED_AVAILABILITY = YES_AGGRESSIVE;
				CLANG_WARN_UNREACHABLE_CODE = YES;
				CLANG_WARN__DUPLICATE_METHOD_MATCH = YES;
				COPY_PHASE_STRIP = NO;
				DEBUG_INFORMATION_FORMAT = dwarf;
				ENABLE_STRICT_OBJC_MSGSEND = YES;
				ENABLE_TESTABILITY = YES;
				GCC_C_LANGUAGE_STANDARD = gnu11;
				GCC_DYNAMIC_NO_PIC = NO;
				GCC_NO_COMMON_BLOCKS = YES;
				GCC_OPTIMIZATION_LEVEL = 0;
				GCC_PREPROCESSOR_DEFINITIONS = (
					"DEBUG=1",
					"$(inherited)",
				);
				GCC_WARN_64_TO_32_BIT_CONVERSION = YES;
				GCC_WARN_ABOUT_RETURN_TYPE = YES_ERROR;
				GCC_WARN_UNDECLARED_SELECTOR = YES;
				GCC_WARN_UNINITIALIZED_AUTOS = YES_AGGRESSIVE;
				GCC_WARN_UNUSED_FUNCTION = YES;
				GCC_WARN_UNUSED_VARIABLE = YES;
				MTL_ENABLE_DEBUG_INFO = INCLUDE_SOURCE;
				MTL_FAST_MATH = YES;
				ONLY_ACTIVE_ARCH = YES;
				SWIFT_ACTIVE_COMPILATION_CONDITIONS = DEBUG;
				SWIFT_OPTIMIZATION_LEVEL = "-Onone";
			};
			name = Debug;
		};
		D2B8DD74283F5054000391FB /* Release */ = {
			isa = XCBuildConfiguration;
			buildSettings = {
				ALWAYS_SEARCH_USER_PATHS = NO;
				CLANG_ANALYZER_NONNULL = YES;
				CLANG_ANALYZER_NUMBER_OBJECT_CONVERSION = YES_AGGRESSIVE;
				CLANG_CXX_LANGUAGE_STANDARD = "gnu++17";
				CLANG_CXX_LIBRARY = "libc++";
				CLANG_ENABLE_MODULES = YES;
				CLANG_ENABLE_OBJC_ARC = YES;
				CLANG_ENABLE_OBJC_WEAK = YES;
				CLANG_WARN_BLOCK_CAPTURE_AUTORELEASING = YES;
				CLANG_WARN_BOOL_CONVERSION = YES;
				CLANG_WARN_COMMA = YES;
				CLANG_WARN_CONSTANT_CONVERSION = YES;
				CLANG_WARN_DEPRECATED_OBJC_IMPLEMENTATIONS = YES;
				CLANG_WARN_DIRECT_OBJC_ISA_USAGE = YES_ERROR;
				CLANG_WARN_DOCUMENTATION_COMMENTS = YES;
				CLANG_WARN_EMPTY_BODY = YES;
				CLANG_WARN_ENUM_CONVERSION = YES;
				CLANG_WARN_INFINITE_RECURSION = YES;
				CLANG_WARN_INT_CONVERSION = YES;
				CLANG_WARN_NON_LITERAL_NULL_CONVERSION = YES;
				CLANG_WARN_OBJC_IMPLICIT_RETAIN_SELF = YES;
				CLANG_WARN_OBJC_LITERAL_CONVERSION = YES;
				CLANG_WARN_OBJC_ROOT_CLASS = YES_ERROR;
				CLANG_WARN_QUOTED_INCLUDE_IN_FRAMEWORK_HEADER = YES;
				CLANG_WARN_RANGE_LOOP_ANALYSIS = YES;
				CLANG_WARN_STRICT_PROTOTYPES = YES;
				CLANG_WARN_SUSPICIOUS_MOVE = YES;
				CLANG_WARN_UNGUARDED_AVAILABILITY = YES_AGGRESSIVE;
				CLANG_WARN_UNREACHABLE_CODE = YES;
				CLANG_WARN__DUPLICATE_METHOD_MATCH = YES;
				COPY_PHASE_STRIP = NO;
				DEBUG_INFORMATION_FORMAT = "dwarf-with-dsym";
				ENABLE_NS_ASSERTIONS = NO;
				ENABLE_STRICT_OBJC_MSGSEND = YES;
				GCC_C_LANGUAGE_STANDARD = gnu11;
				GCC_NO_COMMON_BLOCKS = YES;
				GCC_WARN_64_TO_32_BIT_CONVERSION = YES;
				GCC_WARN_ABOUT_RETURN_TYPE = YES_ERROR;
				GCC_WARN_UNDECLARED_SELECTOR = YES;
				GCC_WARN_UNINITIALIZED_AUTOS = YES_AGGRESSIVE;
				GCC_WARN_UNUSED_FUNCTION = YES;
				GCC_WARN_UNUSED_VARIABLE = YES;
				MTL_ENABLE_DEBUG_INFO = NO;
				MTL_FAST_MATH = YES;
				SWIFT_COMPILATION_MODE = wholemodule;
				SWIFT_OPTIMIZATION_LEVEL = "-O";
			};
			name = Release;
		};
		D2B8DD76283F5054000391FB /* Debug */ = {
			isa = XCBuildConfiguration;
			buildSettings = {
				ASSETCATALOG_COMPILER_APPICON_NAME = "AppIcon-iOS";
				ASSETCATALOG_COMPILER_GLOBAL_ACCENT_COLOR_NAME = AccentColor;
				CODE_SIGN_STYLE = Automatic;
				CURRENT_PROJECT_VERSION = 1;
				DEVELOPMENT_TEAM = PU59A74F57;
				ENABLE_PREVIEWS = YES;
				GENERATE_INFOPLIST_FILE = YES;
				INFOPLIST_KEY_UIApplicationSceneManifest_Generation = YES;
				INFOPLIST_KEY_UIApplicationSupportsIndirectInputEvents = YES;
				INFOPLIST_KEY_UILaunchScreen_Generation = YES;
				INFOPLIST_KEY_UISupportedInterfaceOrientations_iPad = "UIInterfaceOrientationPortrait UIInterfaceOrientationPortraitUpsideDown UIInterfaceOrientationLandscapeLeft UIInterfaceOrientationLandscapeRight";
				INFOPLIST_KEY_UISupportedInterfaceOrientations_iPhone = "UIInterfaceOrientationPortrait UIInterfaceOrientationLandscapeLeft UIInterfaceOrientationLandscapeRight";
				IPHONEOS_DEPLOYMENT_TARGET = 15.2;
				LD_RUNPATH_SEARCH_PATHS = (
					"$(inherited)",
					"@executable_path/Frameworks",
				);
				MARKETING_VERSION = 1.0;
				PRODUCT_BUNDLE_IDENTIFIER = com.johnnastos.RemotionSwiftUI;
				PRODUCT_NAME = RemotionSwiftUI;
				SDKROOT = iphoneos;
				SWIFT_EMIT_LOC_STRINGS = YES;
				SWIFT_VERSION = 5.0;
				TARGETED_DEVICE_FAMILY = "1,2";
			};
			name = Debug;
		};
		D2B8DD77283F5054000391FB /* Release */ = {
			isa = XCBuildConfiguration;
			buildSettings = {
				ASSETCATALOG_COMPILER_APPICON_NAME = "AppIcon-iOS";
				ASSETCATALOG_COMPILER_GLOBAL_ACCENT_COLOR_NAME = AccentColor;
				CODE_SIGN_STYLE = Automatic;
				CURRENT_PROJECT_VERSION = 1;
				DEVELOPMENT_TEAM = PU59A74F57;
				ENABLE_PREVIEWS = YES;
				GENERATE_INFOPLIST_FILE = YES;
				INFOPLIST_KEY_UIApplicationSceneManifest_Generation = YES;
				INFOPLIST_KEY_UIApplicationSupportsIndirectInputEvents = YES;
				INFOPLIST_KEY_UILaunchScreen_Generation = YES;
				INFOPLIST_KEY_UISupportedInterfaceOrientations_iPad = "UIInterfaceOrientationPortrait UIInterfaceOrientationPortraitUpsideDown UIInterfaceOrientationLandscapeLeft UIInterfaceOrientationLandscapeRight";
				INFOPLIST_KEY_UISupportedInterfaceOrientations_iPhone = "UIInterfaceOrientationPortrait UIInterfaceOrientationLandscapeLeft UIInterfaceOrientationLandscapeRight";
				IPHONEOS_DEPLOYMENT_TARGET = 15.2;
				LD_RUNPATH_SEARCH_PATHS = (
					"$(inherited)",
					"@executable_path/Frameworks",
				);
				MARKETING_VERSION = 1.0;
				PRODUCT_BUNDLE_IDENTIFIER = com.johnnastos.RemotionSwiftUI;
				PRODUCT_NAME = RemotionSwiftUI;
				SDKROOT = iphoneos;
				SWIFT_EMIT_LOC_STRINGS = YES;
				SWIFT_VERSION = 5.0;
				TARGETED_DEVICE_FAMILY = "1,2";
				VALIDATE_PRODUCT = YES;
			};
			name = Release;
		};
		D2B8DD79283F5054000391FB /* Debug */ = {
			isa = XCBuildConfiguration;
			buildSettings = {
				ASSETCATALOG_COMPILER_APPICON_NAME = AppIcon;
				ASSETCATALOG_COMPILER_GLOBAL_ACCENT_COLOR_NAME = AccentColor;
				CODE_SIGN_ENTITLEMENTS = macOS/macOS.entitlements;
				CODE_SIGN_STYLE = Automatic;
				COMBINE_HIDPI_IMAGES = YES;
				CURRENT_PROJECT_VERSION = 1;
				DEVELOPMENT_TEAM = PU59A74F57;
				ENABLE_HARDENED_RUNTIME = YES;
				ENABLE_PREVIEWS = YES;
				GENERATE_INFOPLIST_FILE = YES;
				INFOPLIST_KEY_NSHumanReadableCopyright = "";
				LD_RUNPATH_SEARCH_PATHS = (
					"$(inherited)",
					"@executable_path/../Frameworks",
				);
				MACOSX_DEPLOYMENT_TARGET = 12.1;
				MARKETING_VERSION = 1.0;
				PRODUCT_BUNDLE_IDENTIFIER = com.johnnastos.RemotionSwiftUI;
				PRODUCT_NAME = RemotionSwiftUI;
				SDKROOT = macosx;
				SWIFT_EMIT_LOC_STRINGS = YES;
				SWIFT_VERSION = 5.0;
			};
			name = Debug;
		};
		D2B8DD7A283F5054000391FB /* Release */ = {
			isa = XCBuildConfiguration;
			buildSettings = {
				ASSETCATALOG_COMPILER_APPICON_NAME = AppIcon;
				ASSETCATALOG_COMPILER_GLOBAL_ACCENT_COLOR_NAME = AccentColor;
				CODE_SIGN_ENTITLEMENTS = macOS/macOS.entitlements;
				CODE_SIGN_STYLE = Automatic;
				COMBINE_HIDPI_IMAGES = YES;
				CURRENT_PROJECT_VERSION = 1;
				DEVELOPMENT_TEAM = PU59A74F57;
				ENABLE_HARDENED_RUNTIME = YES;
				ENABLE_PREVIEWS = YES;
				GENERATE_INFOPLIST_FILE = YES;
				INFOPLIST_KEY_NSHumanReadableCopyright = "";
				LD_RUNPATH_SEARCH_PATHS = (
					"$(inherited)",
					"@executable_path/../Frameworks",
				);
				MACOSX_DEPLOYMENT_TARGET = 12.1;
				MARKETING_VERSION = 1.0;
				PRODUCT_BUNDLE_IDENTIFIER = com.johnnastos.RemotionSwiftUI;
				PRODUCT_NAME = RemotionSwiftUI;
				SDKROOT = macosx;
				SWIFT_EMIT_LOC_STRINGS = YES;
				SWIFT_VERSION = 5.0;
			};
			name = Release;
		};
/* End XCBuildConfiguration section */

/* Begin XCConfigurationList section */
		D2B8DD5B283F5052000391FB /* Build configuration list for PBXProject "RemotionSwiftUI" */ = {
			isa = XCConfigurationList;
			buildConfigurations = (
				D2B8DD73283F5054000391FB /* Debug */,
				D2B8DD74283F5054000391FB /* Release */,
			);
			defaultConfigurationIsVisible = 0;
			defaultConfigurationName = Release;
		};
		D2B8DD75283F5054000391FB /* Build configuration list for PBXNativeTarget "RemotionSwiftUI (iOS)" */ = {
			isa = XCConfigurationList;
			buildConfigurations = (
				D2B8DD76283F5054000391FB /* Debug */,
				D2B8DD77283F5054000391FB /* Release */,
			);
			defaultConfigurationIsVisible = 0;
			defaultConfigurationName = Release;
		};
		D2B8DD78283F5054000391FB /* Build configuration list for PBXNativeTarget "RemotionSwiftUI (macOS)" */ = {
			isa = XCConfigurationList;
			buildConfigurations = (
				D2B8DD79283F5054000391FB /* Debug */,
				D2B8DD7A283F5054000391FB /* Release */,
			);
			defaultConfigurationIsVisible = 0;
			defaultConfigurationName = Release;
		};
/* End XCConfigurationList section */
	};
	rootObject = D2B8DD58283F5052000391FB /* Project object */;
}
